
Microsoft Visual Studio Solution File, Format Version 11.00
# Visual Studio 2010
Project("{FAE04EC0-301F-11D3-BF4B-00C04F79EFBC}") = "EmailTrack", "EmailTrack\EmailTrack.csproj", "{A9766C00-CDAD-43B9-AB99-FCA850065E65}"
EndProject
Global
	GlobalSection(SolutionConfigurationPlatforms) = preSolution
		Debug|Any CPU = Debug|Any CPU
		Release|Any CPU = Release|Any CPU
	EndGlobalSection
	GlobalSection(ProjectConfigurationPlatforms) = postSolution
		{A9766C00-CDAD-43B9-AB99-FCA850065E65}.Debug|Any CPU.ActiveCfg = Debug|Any CPU
		{A9766C00-CDAD-43B9-AB99-FCA850065E65}.Debug|Any CPU.Build.0 = Debug|Any CPU
		{A9766C00-CDAD-43B9-AB99-FCA850065E65}.Release|Any CPU.ActiveCfg = Release|Any CPU
		{A9766C00-CDAD-43B9-AB99-FCA850065E65}.Release|Any CPU.Build.0 = Release|Any CPU
	EndGlobalSection
	GlobalSection(SolutionProperties) = preSolution
		HideSolutionNode = FALSE
	EndGlobalSection
EndGlobal
